
Microsoft Visual Studio Solution File, Format Version 12.00
# Visual Studio Version 17
VisualStudioVersion = 17.14.37314.3 d17.14
MinimumVisualStudioVersion = 10.0.40219.1
Project("{FAE04EC0-301F-11D3-BF4B-00C04F79EFBC}") = "PDFcoDrive", "PDFcoDrive\PDFcoDrive.csproj", "{2662FB6C-C5BE-4E1C-B945-9E09D719A6EC}"
EndProject
Global
	GlobalSection(SolutionConfigurationPlatforms) = preSolution
		Debug|Any CPU = Debug|Any CPU
		Release|Any CPU = Release|Any CPU
	EndGlobalSection
	GlobalSection(ProjectConfigurationPlatforms) = postSolution
		{2662FB6C-C5BE-4E1C-B945-9E09D719A6EC}.Debug|Any CPU.ActiveCfg = Debug|Any CPU
		{2662FB6C-C5BE-4E1C-B945-9E09D719A6EC}.Debug|Any CPU.Build.0 = Debug|Any CPU
		{2662FB6C-C5BE-4E1C-B945-9E09D719A6EC}.Release|Any CPU.ActiveCfg = Release|Any CPU
		{2662FB6C-C5BE-4E1C-B945-9E09D719A6EC}.Release|Any CPU.Build.0 = Release|Any CPU
	EndGlobalSection
	GlobalSection(SolutionProperties) = preSolution
		HideSolutionNode = FALSE
	EndGlobalSection
	GlobalSection(ExtensibilityGlobals) = postSolution
		SolutionGuid = {AC37DAAF-9A83-4726-80D0-5275877D89C7}
	EndGlobalSection
EndGlobal
